<?xml version="1.0" encoding="utf-8"?>
<Project ToolsVersion="4.0" xmlns="http://schemas.microsoft.com/developer/msbuild/2003">
  <ItemGroup>
    <Filter Include="Source Files">
      <UniqueIdentifier>{4FC737F1-C7A5-4376-A066-2A32D752A2FF}</UniqueIdentifier>
      <Extensions>cpp;c;cc;cxx;def;odl;idl;hpj;bat;asm;asmx</Extensions>
    </Filter>
    <Filter Include="Header Files">
      <UniqueIdentifier>{93995380-89BD-4b04-88EB-625FBE52EBFB}</UniqueIdentifier>
      <Extensions>h;hh;hpp;hxx;hm;inl;inc;xsd</Extensions>
    </Filter>
    <Filter Include="Resource Files">
      <UniqueIdentifier>{67DA6AB6-F800-4c08-8B7A-83BB121AAD01}</UniqueIdentifier>
      <Extensions>rc;ico;cur;bmp;dlg;rc2;rct;bin;rgs;gif;jpg;jpeg;jpe;resx;tiff;tif;png;wav;mfcribbon-ms</Extensions>
    </Filter>
  </ItemGroup>
  <ItemGroup>
    <ClInclude Include="LetsDrawSomeStuff.h">
      <Filter>Header Files</Filter>
    </ClInclude>
    <ClInclude Include="CameraClass.h">
      <Filter>Header Files</Filter>
    </ClInclude>
    <ClInclude Include="ShaderInvoker.h">
      <Filter>Header Files</Filter>
    </ClInclude>
    <ClInclude Include="DirectXTex-master\DirectXTex\DirectXTex.h">
      <Filter>Header Files</Filter>
    </ClInclude>
    <ClInclude Include="DirectXTex-master\DDSTextureLoader\DDSTextureLoader.h">
      <Filter>Header Files</Filter>
    </ClInclude>
    <ClInclude Include="test pyramid.h">
      <Filter>Header Files</Filter>
    </ClInclude>
    <ClInclude Include="tree.h">
      <Filter>Header Files</Filter>
    </ClInclude>
    <ClInclude Include="wall.h">
      <Filter>Header Files</Filter>
    </ClInclude>
    <ClInclude Include="sword1.h">
      <Filter>Header Files</Filter>
    </ClInclude>
    <ClInclude Include="model.h">
      <Filter>Header Files</Filter>
    </ClInclude>
    <ClInclude Include="Grass_01.h">
      <Filter>Header Files</Filter>
    </ClInclude>
    <ClInclude Include="Grass_02.h">
      <Filter>Header Files</Filter>
    </ClInclude>
    <ClInclude Include="Grass_03.h">
      <Filter>Header Files</Filter>
    </ClInclude>
    <ClInclude Include="Rope Bridge.h">
      <Filter>Header Files</Filter>
    </ClInclude>
    <ClInclude Include="chevalier.h">
      <Filter>Header Files</Filter>
    </ClInclude>
    <ClInclude Include="Knight2.h">
      <Filter>Header Files</Filter>
    </ClInclude>
    <ClInclude Include="knight3.h">
      <Filter>Header Files</Filter>
    </ClInclude>
    <ClInclude Include="Rock_6.h">
      <Filter>Header Files</Filter>
    </ClInclude>
    <ClInclude Include="Rock.h">
      <Filter>Header Files</Filter>
    </ClInclude>
    <ClInclude Include="Asian_Nomad_Old_Man_Body.h">
      <Filter>Header Files</Filter>
    </ClInclude>
    <ClInclude Include="ROAD.h">
      <Filter>Header Files</Filter>
    </ClInclude>
    <ClInclude Include="CommodoreUte.h">
      <Filter>Header Files</Filter>
    </ClInclude>
  </ItemGroup>
  <ItemGroup>
    <ClCompile Include="main.cpp">
      <Filter>Source Files</Filter>
    </ClCompile>
    <ClCompile Include="CameraClass.cpp">
      <Filter>Source Files</Filter>
    </ClCompile>
    <ClCompile Include="ShaderInvoker.cpp">
      <Filter>Source Files</Filter>
    </ClCompile>
    <ClCompile Include="DirectXTex-master\DDSTextureLoader\DDSTextureLoader.cpp">
      <Filter>Source Files</Filter>
    </ClCompile>
  </ItemGroup>
  <ItemGroup>
    <FxCompile Include="MyPixelShader.hlsl">
      <Filter>Header Files</Filter>
    </FxCompile>
    <FxCompile Include="MyVertexShader.hlsl">
      <Filter>Header Files</Filter>
    </FxCompile>
    <FxCompile Include="MyTexVertexShader.hlsl">
      <Filter>Header Files</Filter>
    </FxCompile>
    <FxCompile Include="MyTexPixelShader.hlsl">
      <Filter>Header Files</Filter>
    </FxCompile>
    <FxCompile Include="MyMeshLightVertexShader.hlsl">
      <Filter>Header Files</Filter>
    </FxCompile>
    <FxCompile Include="MyMeshLightPixelShader.hlsl">
      <Filter>Header Files</Filter>
    </FxCompile>
    <FxCompile Include="MyUVScrollingMeshLightPixelShader.hlsl">
      <Filter>Header Files</Filter>
    </FxCompile>
    <FxCompile Include="MySkyboxMeshLightPixelShader.hlsl">
      <Filter>Header Files</Filter>
    </FxCompile>
    <FxCompile Include="MySinMeshLightVertexShader.hlsl">
      <Filter>Header Files</Filter>
    </FxCompile>
    <FxCompile Include="MyMeshLightGeometryShader.hlsl">
      <Filter>Header Files</Filter>
    </FxCompile>
  </ItemGroup>
  <ItemGroup>
    <Image Include="HatDoggo.jpg">
      <Filter>Resource Files</Filter>
    </Image>
  </ItemGroup>
</Project>